// !$*UTF8*$!
{
	archiveVersion = 1;
	classes = {
	};
	objectVersion = 46;
	objects = {

/* Begin PBXBuildFile section */
		1562E7601AF034D600BF7BF3 /* AppDelegate.swift in Sources */ = {isa = PBXBuildFile; fileRef = 1562E75F1AF034D600BF7BF3 /* AppDelegate.swift */; };
		1562E7631AF034D600BF7BF3 /* iParle.xcdatamodeld in Sources */ = {isa = PBXBuildFile; fileRef = 1562E7611AF034D600BF7BF3 /* iParle.xcdatamodeld */; };
		1562E7651AF034D600BF7BF3 /* ViewController.swift in Sources */ = {isa = PBXBuildFile; fileRef = 1562E7641AF034D600BF7BF3 /* ViewController.swift */; };
		1562E7681AF034D600BF7BF3 /* Main.storyboard in Resources */ = {isa = PBXBuildFile; fileRef = 1562E7661AF034D600BF7BF3 /* Main.storyboard */; };
		1562E76A1AF034D600BF7BF3 /* Images.xcassets in Resources */ = {isa = PBXBuildFile; fileRef = 1562E7691AF034D600BF7BF3 /* Images.xcassets */; };
		1562E76D1AF034D600BF7BF3 /* LaunchScreen.xib in Resources */ = {isa = PBXBuildFile; fileRef = 1562E76B1AF034D600BF7BF3 /* LaunchScreen.xib */; };
		1562E7791AF034D600BF7BF3 /* iParleTests.swift in Sources */ = {isa = PBXBuildFile; fileRef = 1562E7781AF034D600BF7BF3 /* iParleTests.swift */; };
/* End PBXBuildFile section */

/* Begin PBXContainerItemProxy section */
		1562E7731AF034D600BF7BF3 /* PBXContainerItemProxy */ = {
			isa = PBXContainerItemProxy;
			containerPortal = 1562E7521AF034D600BF7BF3 /* Project object */;
			proxyType = 1;
			remoteGlobalIDString = 1562E7591AF034D600BF7BF3;
			remoteInfo = iParle;
		};
/* End PBXContainerItemProxy section */

/* Begin PBXFileReference section */
		1562E75A1AF034D600BF7BF3 /* iParle.app */ = {isa = PBXFileReference; explicitFileType = wrapper.application; includeInIndex = 0; path = iParle.app; sourceTree = BUILT_PRODUCTS_DIR; };
		1562E75E1AF034D600BF7BF3 /* Info.plist */ = {isa = PBXFileReference; lastKnownFileType = text.plist.xml; path = Info.plist; sourceTree = "<group>"; };
		1562E75F1AF034D600BF7BF3 /* AppDelegate.swift */ = {isa = PBXFileReference; lastKnownFileType = sourcecode.swift; path = AppDelegate.swift; sourceTree = "<group>"; };
		1562E7621AF034D600BF7BF3 /* iParle.xcdatamodel */ = {isa = PBXFileReference; lastKnownFileType = wrapper.xcdatamodel; path = iParle.xcdatamodel; sourceTree = "<group>"; };
		1562E7641AF034D600BF7BF3 /* ViewController.swift */ = {isa = PBXFileReference; lastKnownFileType = sourcecode.swift; path = ViewController.swift; sourceTree = "<group>"; };
		1562E7671AF034D600BF7BF3 /* Base */ = {isa = PBXFileReference; lastKnownFileType = file.storyboard; name = Base; path = Base.lproj/Main.storyboard; sourceTree = "<group>"; };
		1562E7691AF034D600BF7BF3 /* Images.xcassets */ = {isa = PBXFileReference; lastKnownFileType = folder.assetcatalog; path = Images.xcassets; sourceTree = "<group>"; };
		1562E76C1AF034D600BF7BF3 /* Base */ = {isa = PBXFileReference; lastKnownFileType = file.xib; name = Base; path = Base.lproj/LaunchScreen.xib; sourceTree = "<group>"; };
		1562E7721AF034D600BF7BF3 /* iParleTests.xctest */ = {isa = PBXFileReference; explicitFileType = wrapper.cfbundle; includeInIndex = 0; path = iParleTests.xctest; sourceTree = BUILT_PRODUCTS_DIR; };
		1562E7771AF034D600BF7BF3 /* Info.plist */ = {isa = PBXFileReference; lastKnownFileType = text.plist.xml; path = Info.plist; sourceTree = "<group>"; };
		1562E7781AF034D600BF7BF3 /* iParleTests.swift */ = {isa = PBXFileReference; lastKnownFileType = sourcecode.swift; path = iParleTests.swift; sourceTree = "<group>"; };
/* End PBXFileReference section */

/* Begin PBXFrameworksBuildPhase section */
		1562E7571AF034D600BF7BF3 /* Frameworks */ = {
			isa = PBXFrameworksBuildPhase;
			buildActionMask = 2147483647;
			files = (
			);
			runOnlyForDeploymentPostprocessing = 0;
		};
		1562E76F1AF034D600BF7BF3 /* Frameworks */ = {
			isa = PBXFrameworksBuildPhase;
			buildActionMask = 2147483647;
			files = (
			);
			runOnlyForDeploymentPostprocessing = 0;
		};
/* End PBXFrameworksBuildPhase section */

/* Begin PBXGroup section */
		1562E7511AF034D600BF7BF3 = {
			isa = PBXGroup;
			children = (
				1562E75C1AF034D600BF7BF3 /* iParle */,
				1562E7751AF034D600BF7BF3 /* iParleTests */,
				1562E75B1AF034D600BF7BF3 /* Products */,
			);
			sourceTree = "<group>";
		};
		1562E75B1AF034D600BF7BF3 /* Products */ = {
			isa = PBXGroup;
			children = (
				1562E75A1AF034D600BF7BF3 /* iParle.app */,
				1562E7721AF034D600BF7BF3 /* iParleTests.xctest */,
			);
			name = Products;
			sourceTree = "<group>";
		};
		1562E75C1AF034D600BF7BF3 /* iParle */ = {
			isa = PBXGroup;
			children = (
				1562E75F1AF034D600BF7BF3 /* AppDelegate.swift */,
				1562E7641AF034D600BF7BF3 /* ViewController.swift */,
				1562E7661AF034D600BF7BF3 /* Main.storyboard */,
				1562E7691AF034D600BF7BF3 /* Images.xcassets */,
				1562E76B1AF034D600BF7BF3 /* LaunchScreen.xib */,
				1562E7611AF034D600BF7BF3 /* iParle.xcdatamodeld */,
				1562E75D1AF034D600BF7BF3 /* Supporting Files */,
			);
			path = iParle;
			sourceTree = "<group>";
		};
		1562E75D1AF034D600BF7BF3 /* Supporting Files */ = {
			isa = PBXGroup;
			children = (
				1562E75E1AF034D600BF7BF3 /* Info.plist */,
			);
			name = "Supporting Files";
			sourceTree = "<group>";
		};
		1562E7751AF034D600BF7BF3 /* iParleTests */ = {
			isa = PBXGroup;
			children = (
				1562E7781AF034D600BF7BF3 /* iParleTests.swift */,
				1562E7761AF034D600BF7BF3 /* Supporting Files */,
			);
			path = iParleTests;
			sourceTree = "<group>";
		};
		1562E7761AF034D600BF7BF3 /* Supporting Files */ = {
			isa = PBXGroup;
			children = (
				1562E7771AF034D600BF7BF3 /* Info.plist */,
			);
			name = "Supporting Files";
			sourceTree = "<group>";
		};
/* End PBXGroup section */

/* Begin PBXNativeTarget section */
		1562E7591AF034D600BF7BF3 /* iParle */ = {
			isa = PBXNativeTarget;
			buildConfigurationList = 1562E77C1AF034D600BF7BF3 /* Build configuration list for PBXNativeTarget "iParle" */;
			buildPhases = (
				1562E7561AF034D600BF7BF3 /* Sources */,
				1562E7571AF034D600BF7BF3 /* Frameworks */,
				1562E7581AF034D600BF7BF3 /* Resources */,
			);
			buildRules = (
			);
			dependencies = (
			);
			name = iParle;
			productName = iParle;
			productReference = 1562E75A1AF034D600BF7BF3 /* iParle.app */;
			productType = "com.apple.product-type.application";
		};
		1562E7711AF034D600BF7BF3 /* iParleTests */ = {
			isa = PBXNativeTarget;
			buildConfigurationList = 1562E77F1AF034D600BF7BF3 /* Build configuration list for PBXNativeTarget "iParleTests" */;
			buildPhases = (
				1562E76E1AF034D600BF7BF3 /* Sources */,
				1562E76F1AF034D600BF7BF3 /* Frameworks */,
				1562E7701AF034D600BF7BF3 /* Resources */,
			);
			buildRules = (
			);
			dependencies = (
				1562E7741AF034D600BF7BF3 /* PBXTargetDependency */,
			);
			name = iParleTests;
			productName = iParleTests;
			productReference = 1562E7721AF034D600BF7BF3 /* iParleTests.xctest */;
			productType = "com.apple.product-type.bundle.unit-test";
		};
/* End PBXNativeTarget section */

/* Begin PBXProject section */
		1562E7521AF034D600BF7BF3 /* Project object */ = {
			isa = PBXProject;
			attributes = {
				LastUpgradeCheck = 0630;
				ORGANIZATIONNAME = Abraid;
				TargetAttributes = {
					1562E7591AF034D600BF7BF3 = {
						CreatedOnToolsVersion = 6.3.1;
					};
					1562E7711AF034D600BF7BF3 = {
						CreatedOnToolsVersion = 6.3.1;
						TestTargetID = 1562E7591AF034D600BF7BF3;
					};
				};
			};
			buildConfigurationList = 1562E7551AF034D600BF7BF3 /* Build configuration list for PBXProject "iParle" */;
			compatibilityVersion = "Xcode 3.2";
			developmentRegion = English;
			hasScannedForEncodings = 0;
			knownRegions = (
				en,
				Base,
			);
			mainGroup = 1562E7511AF034D600BF7BF3;
			productRefGroup = 1562E75B1AF034D600BF7BF3 /* Products */;
			projectDirPath = "";
			projectRoot = "";
			targets = (
				1562E7591AF034D600BF7BF3 /* iParle */,
				1562E7711AF034D600BF7BF3 /* iParleTests */,
			);
		};
/* End PBXProject section */

/* Begin PBXResourcesBuildPhase section */
		1562E7581AF034D600BF7BF3 /* Resources */ = {
			isa = PBXResourcesBuildPhase;
			buildActionMask = 2147483647;
			files = (
				1562E7681AF034D600BF7BF3 /* Main.storyboard in Resources */,
				1562E76D1AF034D600BF7BF3 /* LaunchScreen.xib in Resources */,
				1562E76A1AF034D600BF7BF3 /* Images.xcassets in Resources */,
			);
			runOnlyForDeploymentPostprocessing = 0;
		};
		1562E7701AF034D600BF7BF3 /* Resources */ = {
			isa = PBXResourcesBuildPhase;
			buildActionMask = 2147483647;
			files = (
			);
			runOnlyForDeploymentPostprocessing = 0;
		};
/* End PBXResourcesBuildPhase section */

/* Begin PBXSourcesBuildPhase section */
		1562E7561AF034D600BF7BF3 /* Sources */ = {
			isa = PBXSourcesBuildPhase;
			buildActionMask = 2147483647;
			files = (
				1562E7651AF034D600BF7BF3 /* ViewController.swift in Sources */,
				1562E7631AF034D600BF7BF3 /* iParle.xcdatamodeld in Sources */,
				1562E7601AF034D600BF7BF3 /* AppDelegate.swift in Sources */,
			);
			runOnlyForDeploymentPostprocessing = 0;
		};
		1562E76E1AF034D600BF7BF3 /* Sources */ = {
			isa = PBXSourcesBuildPhase;
			buildActionMask = 2147483647;
			files = (
				1562E7791AF034D600BF7BF3 /* iParleTests.swift in Sources */,
			);
			runOnlyForDeploymentPostprocessing = 0;
		};
/* End PBXSourcesBuildPhase section */

/* Begin PBXTargetDependency section */
		1562E7741AF034D600BF7BF3 /* PBXTargetDependency */ = {
			isa = PBXTargetDependency;
			target = 1562E7591AF034D600BF7BF3 /* iParle */;
			targetProxy = 1562E7731AF034D600BF7BF3 /* PBXContainerItemProxy */;
		};
/* End PBXTargetDependency section */

/* Begin PBXVariantGroup section */
		1562E7661AF034D600BF7BF3 /* Main.storyboard */ = {
			isa = PBXVariantGroup;
			children = (
				1562E7671AF034D600BF7BF3 /* Base */,
			);
			name = Main.storyboard;
			sourceTree = "<group>";
		};
		1562E76B1AF034D600BF7BF3 /* LaunchScreen.xib */ = {
			isa = PBXVariantGroup;
			children = (
				1562E76C1AF034D600BF7BF3 /* Base */,
			);
			name = LaunchScreen.xib;
			sourceTree = "<group>";
		};
/* End PBXVariantGroup section */

/* Begin XCBuildConfiguration section */
		1562E77A1AF034D600BF7BF3 /* Debug */ = {
			isa = XCBuildConfiguration;
			buildSettings = {
				ALWAYS_SEARCH_USER_PATHS = NO;
				CLANG_CXX_LANGUAGE_STANDARD = "gnu++0x";
				CLANG_CXX_LIBRARY = "libc++";
				CLANG_ENABLE_MODULES = YES;
				CLANG_ENABLE_OBJC_ARC = YES;
				CLANG_WARN_BOOL_CONVERSION = YES;
				CLANG_WARN_CONSTANT_CONVERSION = YES;
				CLANG_WARN_DIRECT_OBJC_ISA_USAGE = YES_ERROR;
				CLANG_WARN_EMPTY_BODY = YES;
				CLANG_WARN_ENUM_CONVERSION = YES;
				CLANG_WARN_INT_CONVERSION = YES;
				CLANG_WARN_OBJC_ROOT_CLASS = YES_ERROR;
				CLANG_WARN_UNREACHABLE_CODE = YES;
				CLANG_WARN__DUPLICATE_METHOD_MATCH = YES;
				"CODE_SIGN_IDENTITY[sdk=iphoneos*]" = "iPhone Developer";
				COPY_PHASE_STRIP = NO;
				DEBUG_INFORMATION_FORMAT = "dwarf-with-dsym";
				ENABLE_STRICT_OBJC_MSGSEND = YES;
				GCC_C_LANGUAGE_STANDARD = gnu99;
				GCC_DYNAMIC_NO_PIC = NO;
				GCC_NO_COMMON_BLOCKS = YES;
				GCC_OPTIMIZATION_LEVEL = 0;
				GCC_PREPROCESSOR_DEFINITIONS = (
					"DEBUG=1",
					"$(inherited)",
				);
				GCC_SYMBOLS_PRIVATE_EXTERN = NO;
				GCC_WARN_64_TO_32_BIT_CONVERSION = YES;
				GCC_WARN_ABOUT_RETURN_TYPE = YES_ERROR;
				GCC_WARN_UNDECLARED_SELECTOR = YES;
				GCC_WARN_UNINITIALIZED_AUTOS = YES_AGGRESSIVE;
				GCC_WARN_UNUSED_FUNCTION = YES;
				GCC_WARN_UNUSED_VARIABLE = YES;
				IPHONEOS_DEPLOYMENT_TARGET = 8.3;
				MTL_ENABLE_DEBUG_INFO = YES;
				ONLY_ACTIVE_ARCH = YES;
				SDKROOT = iphoneos;
				SWIFT_OPTIMIZATION_LEVEL = "-Onone";
				TARGETED_DEVICE_FAMILY = "1,2";
			};
			name = Debug;
		};
		1562E77B1AF034D600BF7BF3 /* Release */ = {
			isa = XCBuildConfiguration;
			buildSettings = {
				ALWAYS_SEARCH_USER_PATHS = NO;
				CLANG_CXX_LANGUAGE_STANDARD = "gnu++0x";
				CLANG_CXX_LIBRARY = "libc++";
				CLANG_ENABLE_MODULES = YES;
				CLANG_ENABLE_OBJC_ARC = YES;
				CLANG_WARN_BOOL_CONVERSION = YES;
				CLANG_WARN_CONSTANT_CONVERSION = YES;
				CLANG_WARN_DIRECT_OBJC_ISA_USAGE = YES_ERROR;
				CLANG_WARN_EMPTY_BODY = YES;
				CLANG_WARN_ENUM_CONVERSION = YES;
				CLANG_WARN_INT_CONVERSION = YES;
				CLANG_WARN_OBJC_ROOT_CLASS = YES_ERROR;
				CLANG_WARN_UNREACHABLE_CODE = YES;
				CLANG_WARN__DUPLICATE_METHOD_MATCH = YES;
				"CODE_SIGN_IDENTITY[sdk=iphoneos*]" = "iPhone Developer";
				COPY_PHASE_STRIP = NO;
				DEBUG_INFORMATION_FORMAT = "dwarf-with-dsym";
				ENABLE_NS_ASSERTIONS = NO;
				ENABLE_STRICT_OBJC_MSGSEND = YES;
				GCC_C_LANGUAGE_STANDARD = gnu99;
				GCC_NO_COMMON_BLOCKS = YES;
				GCC_WARN_64_TO_32_BIT_CONVERSION = YES;
				GCC_WARN_ABOUT_RETURN_TYPE = YES_ERROR;
				GCC_WARN_UNDECLARED_SELECTOR = YES;
				GCC_WARN_UNINITIALIZED_AUTOS = YES_AGGRESSIVE;
				GCC_WARN_UNUSED_FUNCTION = YES;
				GCC_WARN_UNUSED_VARIABLE = YES;
				IPHONEOS_DEPLOYMENT_TARGET = 8.3;
				MTL_ENABLE_DEBUG_INFO = NO;
				SDKROOT = iphoneos;
				TARGETED_DEVICE_FAMILY = "1,2";
				VALIDATE_PRODUCT = YES;
			};
			name = Release;
		};
		1562E77D1AF034D600BF7BF3 /* Debug */ = {
			isa = XCBuildConfiguration;
			buildSettings = {
				ASSETCATALOG_COMPILER_APPICON_NAME = AppIcon;
				INFOPLIST_FILE = iParle/Info.plist;
				LD_RUNPATH_SEARCH_PATHS = "$(inherited) @executable_path/Frameworks";
				PRODUCT_NAME = "$(TARGET_NAME)";
			};
			name = Debug;
		};
		1562E77E1AF034D600BF7BF3 /* Release */ = {
			isa = XCBuildConfiguration;
			buildSettings = {
				ASSETCATALOG_COMPILER_APPICON_NAME = AppIcon;
				INFOPLIST_FILE = iParle/Info.plist;
				LD_RUNPATH_SEARCH_PATHS = "$(inherited) @executable_path/Frameworks";
				PRODUCT_NAME = "$(TARGET_NAME)";
			};
			name = Release;
		};
		1562E7801AF034D600BF7BF3 /* Debug */ = {
			isa = XCBuildConfiguration;
			buildSettings = {
				BUNDLE_LOADER = "$(TEST_HOST)";
				FRAMEWORK_SEARCH_PATHS = (
					"$(SDKROOT)/Developer/Library/Frameworks",
					"$(inherited)",
				);
				GCC_PREPROCESSOR_DEFINITIONS = (
					"DEBUG=1",
					"$(inherited)",
				);
				INFOPLIST_FILE = iParleTests/Info.plist;
				LD_RUNPATH_SEARCH_PATHS = "$(inherited) @executable_path/Frameworks @loader_path/Frameworks";
				PRODUCT_NAME = "$(TARGET_NAME)";
				TEST_HOST = "$(BUILT_PRODUCTS_DIR)/iParle.app/iParle";
			};
			name = Debug;
		};
		1562E7811AF034D600BF7BF3 /* Release */ = {
			isa = XCBuildConfiguration;
			buildSettings = {
				BUNDLE_LOADER = "$(TEST_HOST)";
				FRAMEWORK_SEARCH_PATHS = (
					"$(SDKROOT)/Developer/Library/Frameworks",
					"$(inherited)",
				);
				INFOPLIST_FILE = iParleTests/Info.plist;
				LD_RUNPATH_SEARCH_PATHS = "$(inherited) @executable_path/Frameworks @loader_path/Frameworks";
				PRODUCT_NAME = "$(TARGET_NAME)";
				TEST_HOST = "$(BUILT_PRODUCTS_DIR)/iParle.app/iParle";
			};
			name = Release;
		};
/* End XCBuildConfiguration section */

/* Begin XCConfigurationList section */
		1562E7551AF034D600BF7BF3 /* Build configuration list for PBXProject "iParle" */ = {
			isa = XCConfigurationList;
			buildConfigurations = (
				1562E77A1AF034D600BF7BF3 /* Debug */,
				1562E77B1AF034D600BF7BF3 /* Release */,
			);
			defaultConfigurationIsVisible = 0;
			defaultConfigurationName = Release;
		};
		1562E77C1AF034D600BF7BF3 /* Build configuration list for PBXNativeTarget "iParle" */ = {
			isa = XCConfigurationList;
			buildConfigurations = (
				1562E77D1AF034D600BF7BF3 /* Debug */,
				1562E77E1AF034D600BF7BF3 /* Release */,
			);
			defaultConfigurationIsVisible = 0;
		};
		1562E77F1AF034D600BF7BF3 /* Build configuration list for PBXNativeTarget "iParleTests" */ = {
			isa = XCConfigurationList;
			buildConfigurations = (
				1562E7801AF034D600BF7BF3 /* Debug */,
				1562E7811AF034D600BF7BF3 /* Release */,
			);
			defaultConfigurationIsVisible = 0;
		};
/* End XCConfigurationList section */

/* Begin XCVersionGroup section */
		1562E7611AF034D600BF7BF3 /* iParle.xcdatamodeld */ = {
			isa = XCVersionGroup;
			children = (
				1562E7621AF034D600BF7BF3 /* iParle.xcdatamodel */,
			);
			currentVersion = 1562E7621AF034D600BF7BF3 /* iParle.xcdatamodel */;
			path = iParle.xcdatamodeld;
			sourceTree = "<group>";
			versionGroupType = wrapper.xcdatamodel;
		};
/* End XCVersionGroup section */
	};
	rootObject = 1562E7521AF034D600BF7BF3 /* Project object */;
}
